
Microsoft Visual Studio Solution File, Format Version 12.00
# Visual Studio Version 17
VisualStudioVersion = 17.4.33213.308
MinimumVisualStudioVersion = 10.0.40219.1
Project("{2150E333-8FDC-42A3-9474-1A3956D46DE8}") = "Libraries", "Libraries", "{DCE2BFEC-FB3C-4059-BAFA-8ABD0C38FE27}"
EndProject
Project("{2150E333-8FDC-42A3-9474-1A3956D46DE8}") = "Presentations", "Presentations", "{3B3E38A7-705E-4745-B732-450F780418B0}"
EndProject
Project("{2150E333-8FDC-42A3-9474-1A3956D46DE8}") = "Tests", "Tests", "{3DC069C2-D74C-45CA-813A-A4A5B49913FD}"
EndProject
Project("{2150E333-8FDC-42A3-9474-1A3956D46DE8}") = "Databases", "Databases", "{23273C77-F2C1-4C8B-8C8C-4E89ECC55AD8}"
EndProject
Project("{2150E333-8FDC-42A3-9474-1A3956D46DE8}") = "Externals", "Externals", "{8B4D4C6E-1C7A-479A-9DE8-D9486AA53151}"
EndProject
Project("{9A19103F-16F7-4668-BE54-9A1E7A4F7556}") = "WebAPI", "WebAPI\WebAPI.csproj", "{3E4CDA54-6B27-44E0-AB13-F91AEA3B39F9}"
EndProject
Project("{9A19103F-16F7-4668-BE54-9A1E7A4F7556}") = "Application", "Application\Application.csproj", "{08C9C977-AF29-4D8F-8739-831C312B6460}"
EndProject
Project("{9A19103F-16F7-4668-BE54-9A1E7A4F7556}") = "Domain", "Domain\Domain.csproj", "{5A157EBD-39A1-4556-BA32-B84844B90328}"
EndProject
Project("{9A19103F-16F7-4668-BE54-9A1E7A4F7556}") = "Infrastructure", "Infrastructure\Infrastructure.csproj", "{68AF399E-4761-4C5A-A86A-DDB737F85D1D}"
EndProject
Project("{9A19103F-16F7-4668-BE54-9A1E7A4F7556}") = "SocialNetworkAPI", "SocialNetworkAPI\SocialNetworkAPI.csproj", "{0D4EF12D-6C3E-4CDB-BCEF-AF2981570299}"
EndProject
Project("{FAE04EC0-301F-11D3-BF4B-00C04F79EFBC}") = "AzureSupportService", "AzureSupportService\AzureSupportService.csproj", "{53194DDA-6CD9-4F21-B165-D30DC8F72F93}"
EndProject
Project("{FAE04EC0-301F-11D3-BF4B-00C04F79EFBC}") = "GraphAPI", "GraphAPI\GraphAPI.csproj", "{CA68EC04-50D6-4EAE-B3F4-1F0F391DBBB1}"
EndProject
Global
	GlobalSection(SolutionConfigurationPlatforms) = preSolution
		Debug|Any CPU = Debug|Any CPU
		Release|Any CPU = Release|Any CPU
	EndGlobalSection
	GlobalSection(ProjectConfigurationPlatforms) = postSolution
		{3E4CDA54-6B27-44E0-AB13-F91AEA3B39F9}.Debug|Any CPU.ActiveCfg = Debug|Any CPU
		{3E4CDA54-6B27-44E0-AB13-F91AEA3B39F9}.Debug|Any CPU.Build.0 = Debug|Any CPU
		{3E4CDA54-6B27-44E0-AB13-F91AEA3B39F9}.Release|Any CPU.ActiveCfg = Release|Any CPU
		{3E4CDA54-6B27-44E0-AB13-F91AEA3B39F9}.Release|Any CPU.Build.0 = Release|Any CPU
		{08C9C977-AF29-4D8F-8739-831C312B6460}.Debug|Any CPU.ActiveCfg = Debug|Any CPU
		{08C9C977-AF29-4D8F-8739-831C312B6460}.Debug|Any CPU.Build.0 = Debug|Any CPU
		{08C9C977-AF29-4D8F-8739-831C312B6460}.Release|Any CPU.ActiveCfg = Release|Any CPU
		{08C9C977-AF29-4D8F-8739-831C312B6460}.Release|Any CPU.Build.0 = Release|Any CPU
		{5A157EBD-39A1-4556-BA32-B84844B90328}.Debug|Any CPU.ActiveCfg = Debug|Any CPU
		{5A157EBD-39A1-4556-BA32-B84844B90328}.Debug|Any CPU.Build.0 = Debug|Any CPU
		{5A157EBD-39A1-4556-BA32-B84844B90328}.Release|Any CPU.ActiveCfg = Release|Any CPU
		{5A157EBD-39A1-4556-BA32-B84844B90328}.Release|Any CPU.Build.0 = Release|Any CPU
		{68AF399E-4761-4C5A-A86A-DDB737F85D1D}.Debug|Any CPU.ActiveCfg = Debug|Any CPU
		{68AF399E-4761-4C5A-A86A-DDB737F85D1D}.Debug|Any CPU.Build.0 = Debug|Any CPU
		{68AF399E-4761-4C5A-A86A-DDB737F85D1D}.Release|Any CPU.ActiveCfg = Release|Any CPU
		{68AF399E-4761-4C5A-A86A-DDB737F85D1D}.Release|Any CPU.Build.0 = Release|Any CPU
		{0D4EF12D-6C3E-4CDB-BCEF-AF2981570299}.Debug|Any CPU.ActiveCfg = Debug|Any CPU
		{0D4EF12D-6C3E-4CDB-BCEF-AF2981570299}.Debug|Any CPU.Build.0 = Debug|Any CPU
		{0D4EF12D-6C3E-4CDB-BCEF-AF2981570299}.Release|Any CPU.ActiveCfg = Release|Any CPU
		{0D4EF12D-6C3E-4CDB-BCEF-AF2981570299}.Release|Any CPU.Build.0 = Release|Any CPU
		{53194DDA-6CD9-4F21-B165-D30DC8F72F93}.Debug|Any CPU.ActiveCfg = Debug|Any CPU
		{53194DDA-6CD9-4F21-B165-D30DC8F72F93}.Debug|Any CPU.Build.0 = Debug|Any CPU
		{53194DDA-6CD9-4F21-B165-D30DC8F72F93}.Release|Any CPU.ActiveCfg = Release|Any CPU
		{53194DDA-6CD9-4F21-B165-D30DC8F72F93}.Release|Any CPU.Build.0 = Release|Any CPU
		{CA68EC04-50D6-4EAE-B3F4-1F0F391DBBB1}.Debug|Any CPU.ActiveCfg = Debug|Any CPU
		{CA68EC04-50D6-4EAE-B3F4-1F0F391DBBB1}.Debug|Any CPU.Build.0 = Debug|Any CPU
		{CA68EC04-50D6-4EAE-B3F4-1F0F391DBBB1}.Release|Any CPU.ActiveCfg = Release|Any CPU
		{CA68EC04-50D6-4EAE-B3F4-1F0F391DBBB1}.Release|Any CPU.Build.0 = Release|Any CPU
	EndGlobalSection
	GlobalSection(SolutionProperties) = preSolution
		HideSolutionNode = FALSE
	EndGlobalSection
	GlobalSection(NestedProjects) = preSolution
		{3E4CDA54-6B27-44E0-AB13-F91AEA3B39F9} = {3B3E38A7-705E-4745-B732-450F780418B0}
		{08C9C977-AF29-4D8F-8739-831C312B6460} = {DCE2BFEC-FB3C-4059-BAFA-8ABD0C38FE27}
		{5A157EBD-39A1-4556-BA32-B84844B90328} = {DCE2BFEC-FB3C-4059-BAFA-8ABD0C38FE27}
		{68AF399E-4761-4C5A-A86A-DDB737F85D1D} = {DCE2BFEC-FB3C-4059-BAFA-8ABD0C38FE27}
		{0D4EF12D-6C3E-4CDB-BCEF-AF2981570299} = {8B4D4C6E-1C7A-479A-9DE8-D9486AA53151}
		{53194DDA-6CD9-4F21-B165-D30DC8F72F93} = {8B4D4C6E-1C7A-479A-9DE8-D9486AA53151}
		{CA68EC04-50D6-4EAE-B3F4-1F0F391DBBB1} = {8B4D4C6E-1C7A-479A-9DE8-D9486AA53151}
	EndGlobalSection
	GlobalSection(ExtensibilityGlobals) = postSolution
		SolutionGuid = {627923C1-89AA-43D0-A9C7-9B6E8DE278B1}
	EndGlobalSection
EndGlobal
